[{<<"cowboy">>,{pkg,<<"cowboy">>,<<"1.0.4">>},0},
 {<<"cowlib">>,{pkg,<<"cowlib">>,<<"1.0.2">>},1},
 {<<"gproc">>,{pkg,<<"gproc">>,<<"0.5.0">>},0},
 {<<"jsx">>,
  {git,"https://github.com/talentdeficit/jsx.git",
       {ref,"3074d4865b3385a050badf7828ad31490d860df5"}},
  0},
 {<<"quickrand">>,
  {git,"https://github.com/okeuday/quickrand.git",
       {ref,"de0f2c7657723a223c5f8fc92a388e101697eae3"}},
  1},
 {<<"ranch">>,{pkg,<<"ranch">>,<<"1.2.1">>},1},
 {<<"uuid">>,
  {git,"https://github.com/okeuday/uuid.git",
       {ref,"1e82caca1568ee374ee8610880141a8d058df5ab"}},
  0}].
